
Microsoft Visual Studio Solution File, Format Version 12.00
# Visual Studio Version 17
VisualStudioVersion = 17.5.33424.131
MinimumVisualStudioVersion = 10.0.40219.1
Project("{FAE04EC0-301F-11D3-BF4B-00C04F79EFBC}") = "RESTFULLAPI", "RESTFULLAPI\RESTFULLAPI.csproj", "{C67DBBA1-B000-4A4E-A95E-FE69C9F3099F}"
EndProject
Global
	GlobalSection(SolutionConfigurationPlatforms) = preSolution
		Debug|Any CPU = Debug|Any CPU
		Release|Any CPU = Release|Any CPU
	EndGlobalSection
	GlobalSection(ProjectConfigurationPlatforms) = postSolution
		{C67DBBA1-B000-4A4E-A95E-FE69C9F3099F}.Debug|Any CPU.ActiveCfg = Debug|Any CPU
		{C67DBBA1-B000-4A4E-A95E-FE69C9F3099F}.Debug|Any CPU.Build.0 = Debug|Any CPU
		{C67DBBA1-B000-4A4E-A95E-FE69C9F3099F}.Release|Any CPU.ActiveCfg = Release|Any CPU
		{C67DBBA1-B000-4A4E-A95E-FE69C9F3099F}.Release|Any CPU.Build.0 = Release|Any CPU
	EndGlobalSection
	GlobalSection(SolutionProperties) = preSolution
		HideSolutionNode = FALSE
	EndGlobalSection
	GlobalSection(ExtensibilityGlobals) = postSolution
		SolutionGuid = {0870EE63-9581-40EE-B743-532D890D3E3F}
	EndGlobalSection
EndGlobal
